
Microsoft Visual Studio Solution File, Format Version 12.00
# Visual Studio Version 17
VisualStudioVersion = 17.3.32922.545
MinimumVisualStudioVersion = 10.0.40219.1
Project("{FAE04EC0-301F-11D3-BF4B-00C04F79EFBC}") = "LoadTester", "LoadTester\LoadTester.csproj", "{968FF2CF-FC28-4539-ABE9-FA65D78ACB14}"
EndProject
Project("{2150E333-8FDC-42A3-9474-1A3956D46DE8}") = "Solution Items", "Solution Items", "{43AB2FBE-D317-4BA6-973C-9FB7A24601A7}"
EndProject
Global
	GlobalSection(SolutionConfigurationPlatforms) = preSolution
		Debug|Any CPU = Debug|Any CPU
		Release|Any CPU = Release|Any CPU
	EndGlobalSection
	GlobalSection(ProjectConfigurationPlatforms) = postSolution
		{968FF2CF-FC28-4539-ABE9-FA65D78ACB14}.Debug|Any CPU.ActiveCfg = Debug|Any CPU
		{968FF2CF-FC28-4539-ABE9-FA65D78ACB14}.Debug|Any CPU.Build.0 = Debug|Any CPU
		{968FF2CF-FC28-4539-ABE9-FA65D78ACB14}.Release|Any CPU.ActiveCfg = Release|Any CPU
		{968FF2CF-FC28-4539-ABE9-FA65D78ACB14}.Release|Any CPU.Build.0 = Release|Any CPU
	EndGlobalSection
	GlobalSection(SolutionProperties) = preSolution
		HideSolutionNode = FALSE
	EndGlobalSection
	GlobalSection(ExtensibilityGlobals) = postSolution
		SolutionGuid = {09DB25B3-C3E2-40D2-B526-528CC468C0BE}
	EndGlobalSection
EndGlobal
